
Microsoft Visual Studio Solution File, Format Version 12.00
# Visual Studio Version 16
VisualStudioVersion = 16.0.29503.13
MinimumVisualStudioVersion = 10.0.40219.1
Project("{9A19103F-16F7-4668-BE54-9A1E7A4F7556}") = "JasonsMedRef.Importer", "JasonsMedRef.Importer\JasonsMedRef.Importer.csproj", "{0951264E-4F8F-4F62-8E7B-E64860CC33B1}"
EndProject
Project("{9A19103F-16F7-4668-BE54-9A1E7A4F7556}") = "JasonsMedRef.Models", "JasonsMedRef.Models\JasonsMedRef.Models.csproj", "{B9B44454-5CA4-4A93-95DF-7DFB400165F6}"
EndProject
Project("{9A19103F-16F7-4668-BE54-9A1E7A4F7556}") = "JasonsMedRef.Repository", "JasonsMedRef.Repository\JasonsMedRef.Repository.csproj", "{16EF3416-7DB1-48BC-9AEE-869CD49B3ABE}"
EndProject
Project("{9A19103F-16F7-4668-BE54-9A1E7A4F7556}") = "JasonsMedRef.Web", "JasonsMedRef.Web\JasonsMedRef.Web.csproj", "{03B228A4-34DF-4EB1-95E9-89CB8E95B70B}"
EndProject
Project("{9A19103F-16F7-4668-BE54-9A1E7A4F7556}") = "JasonsMedRef.TestData", "JasonsMedRef.TestData\JasonsMedRef.TestData.csproj", "{5341D6DD-6064-4FB9-89AD-820F36BED4BD}"
EndProject
Project("{9A19103F-16F7-4668-BE54-9A1E7A4F7556}") = "JasonsMedRef.TestTestData", "JasonsMedRef.TestTestData\JasonsMedRef.TestTestData.csproj", "{69723162-EAB4-46B2-A69A-DBE0930C7853}"
EndProject
Project("{00D1A9C2-B5F0-4AF3-8072-F6C62B433612}") = "JasonMedRef.SqlServerDrugDb", "JasonMedRef.SqlServerDrugDb\JasonMedRef.SqlServerDrugDb.sqlproj", "{60B99912-27E6-4DB8-8C73-652F7F033093}"
EndProject
Project("{9A19103F-16F7-4668-BE54-9A1E7A4F7556}") = "JasonsMedRef.SqlServerDrugDb", "JasonsMedRef.SqlServerDrugDb.Importer\JasonsMedRef.SqlServerDrugDb.csproj", "{00653180-6572-4A81-9CC3-8225396C5251}"
EndProject
Global
	GlobalSection(SolutionConfigurationPlatforms) = preSolution
		Debug|Any CPU = Debug|Any CPU
		Release|Any CPU = Release|Any CPU
	EndGlobalSection
	GlobalSection(ProjectConfigurationPlatforms) = postSolution
		{0951264E-4F8F-4F62-8E7B-E64860CC33B1}.Debug|Any CPU.ActiveCfg = Debug|Any CPU
		{0951264E-4F8F-4F62-8E7B-E64860CC33B1}.Debug|Any CPU.Build.0 = Debug|Any CPU
		{0951264E-4F8F-4F62-8E7B-E64860CC33B1}.Release|Any CPU.ActiveCfg = Release|Any CPU
		{0951264E-4F8F-4F62-8E7B-E64860CC33B1}.Release|Any CPU.Build.0 = Release|Any CPU
		{B9B44454-5CA4-4A93-95DF-7DFB400165F6}.Debug|Any CPU.ActiveCfg = Debug|Any CPU
		{B9B44454-5CA4-4A93-95DF-7DFB400165F6}.Debug|Any CPU.Build.0 = Debug|Any CPU
		{B9B44454-5CA4-4A93-95DF-7DFB400165F6}.Release|Any CPU.ActiveCfg = Release|Any CPU
		{B9B44454-5CA4-4A93-95DF-7DFB400165F6}.Release|Any CPU.Build.0 = Release|Any CPU
		{16EF3416-7DB1-48BC-9AEE-869CD49B3ABE}.Debug|Any CPU.ActiveCfg = Debug|Any CPU
		{16EF3416-7DB1-48BC-9AEE-869CD49B3ABE}.Debug|Any CPU.Build.0 = Debug|Any CPU
		{16EF3416-7DB1-48BC-9AEE-869CD49B3ABE}.Release|Any CPU.ActiveCfg = Release|Any CPU
		{16EF3416-7DB1-48BC-9AEE-869CD49B3ABE}.Release|Any CPU.Build.0 = Release|Any CPU
		{03B228A4-34DF-4EB1-95E9-89CB8E95B70B}.Debug|Any CPU.ActiveCfg = Debug|Any CPU
		{03B228A4-34DF-4EB1-95E9-89CB8E95B70B}.Debug|Any CPU.Build.0 = Debug|Any CPU
		{03B228A4-34DF-4EB1-95E9-89CB8E95B70B}.Release|Any CPU.ActiveCfg = Release|Any CPU
		{03B228A4-34DF-4EB1-95E9-89CB8E95B70B}.Release|Any CPU.Build.0 = Release|Any CPU
		{5341D6DD-6064-4FB9-89AD-820F36BED4BD}.Debug|Any CPU.ActiveCfg = Debug|Any CPU
		{5341D6DD-6064-4FB9-89AD-820F36BED4BD}.Debug|Any CPU.Build.0 = Debug|Any CPU
		{5341D6DD-6064-4FB9-89AD-820F36BED4BD}.Release|Any CPU.ActiveCfg = Release|Any CPU
		{5341D6DD-6064-4FB9-89AD-820F36BED4BD}.Release|Any CPU.Build.0 = Release|Any CPU
		{69723162-EAB4-46B2-A69A-DBE0930C7853}.Debug|Any CPU.ActiveCfg = Debug|Any CPU
		{69723162-EAB4-46B2-A69A-DBE0930C7853}.Debug|Any CPU.Build.0 = Debug|Any CPU
		{69723162-EAB4-46B2-A69A-DBE0930C7853}.Release|Any CPU.ActiveCfg = Release|Any CPU
		{69723162-EAB4-46B2-A69A-DBE0930C7853}.Release|Any CPU.Build.0 = Release|Any CPU
		{60B99912-27E6-4DB8-8C73-652F7F033093}.Debug|Any CPU.ActiveCfg = Debug|Any CPU
		{60B99912-27E6-4DB8-8C73-652F7F033093}.Debug|Any CPU.Build.0 = Debug|Any CPU
		{60B99912-27E6-4DB8-8C73-652F7F033093}.Debug|Any CPU.Deploy.0 = Debug|Any CPU
		{60B99912-27E6-4DB8-8C73-652F7F033093}.Release|Any CPU.ActiveCfg = Release|Any CPU
		{60B99912-27E6-4DB8-8C73-652F7F033093}.Release|Any CPU.Build.0 = Release|Any CPU
		{60B99912-27E6-4DB8-8C73-652F7F033093}.Release|Any CPU.Deploy.0 = Release|Any CPU
		{00653180-6572-4A81-9CC3-8225396C5251}.Debug|Any CPU.ActiveCfg = Debug|Any CPU
		{00653180-6572-4A81-9CC3-8225396C5251}.Debug|Any CPU.Build.0 = Debug|Any CPU
		{00653180-6572-4A81-9CC3-8225396C5251}.Release|Any CPU.ActiveCfg = Release|Any CPU
		{00653180-6572-4A81-9CC3-8225396C5251}.Release|Any CPU.Build.0 = Release|Any CPU
	EndGlobalSection
	GlobalSection(SolutionProperties) = preSolution
		HideSolutionNode = FALSE
	EndGlobalSection
	GlobalSection(ExtensibilityGlobals) = postSolution
		SolutionGuid = {D9532361-5A12-4D76-936B-DE652330EE67}
	EndGlobalSection
EndGlobal
